FORGE
  remote: https://forgeapi.puppetlabs.com
  specs:
    camptocamp-systemd (2.8.0)
      puppetlabs-inifile (>= 1.6.0, < 5.0.0)
      puppetlabs-stdlib (>= 4.13.1, < 7.0.0)
    ghoneycutt-hosts (2.7.0)
      puppetlabs-host_core (>= 1.0.1, < 2.0.0)
      puppetlabs-stdlib (>= 4.6.0, < 6.0.0)
    puppet-extlib (4.1.0)
      puppetlabs-stdlib (>= 4.18.0, < 7.0.0)
    puppetlabs-apt (7.3.0)
      puppetlabs-stdlib (>= 4.16.0, < 7.0.0)
      puppetlabs-translate (>= 1.0.0, < 3.0.0)
    puppetlabs-concat (6.1.0)
      puppetlabs-stdlib (>= 4.13.1, < 7.0.0)
      puppetlabs-translate (>= 1.0.0, < 3.0.0)
    puppetlabs-firewall (2.2.0)
      puppetlabs-stdlib (>= 4.0.0, < 7.0.0)
    puppetlabs-host_core (1.0.2)
    puppetlabs-inifile (3.1.0)
      puppetlabs-translate (>= 1.0.0, < 3.0.0)
    puppetlabs-ntp (8.2.0)
      puppetlabs-stdlib (>= 4.13.1, < 7.0.0)
    puppetlabs-postgresql (6.3.0)
      puppetlabs-apt (>= 2.0.0, < 8.0.0)
      puppetlabs-concat (>= 1.1.0, < 7.0.0)
      puppetlabs-stdlib (>= 4.13.1, < 7.0.0)
    puppetlabs-puppetdb (7.4.0)
      puppetlabs-firewall (>= 1.1.3, < 3.0.0)
      puppetlabs-inifile (>= 1.1.3, < 4.0.0)
      puppetlabs-postgresql (>= 4.0.0, < 7.0.0)
      puppetlabs-stdlib (>= 4.13.1, < 7.0.0)
    puppetlabs-stdlib (5.2.0)
    puppetlabs-translate (2.1.0)
    theforeman-puppet (12.1.0)
      puppet-extlib (>= 3.0.0, < 5.0.0)
      puppetlabs-concat (>= 4.1.0, < 7.0.0)
      puppetlabs-stdlib (>= 4.18.0, < 7.0.0)

PATH
  remote: ../check_mk
  specs:
    Fireblade-check_mk (2.0.0)

DEPENDENCIES
  Fireblade-check_mk (>= 0)
  camptocamp-systemd (>= 0)
  ghoneycutt-hosts (>= 0)
  puppetlabs-ntp (>= 0)
  puppetlabs-puppetdb (>= 0)
  theforeman-puppet (>= 0)

